
Microsoft Visual Studio Solution File, Format Version 12.00
# Visual Studio 15
VisualStudioVersion = 15.0.27428.2037
MinimumVisualStudioVersion = 10.0.40219.1
Project("{FAE04EC0-301F-11D3-BF4B-00C04F79EFBC}") = "NCC", "NCC\NCC.csproj", "{DE3D3C42-BF9C-4EAB-ADBE-12F21E385174}"
EndProject
Project("{FAE04EC0-301F-11D3-BF4B-00C04F79EFBC}") = "Test", "Test\Test.csproj", "{952048DA-2793-4FD2-AD43-E33A631275AF}"
EndProject
Global
	GlobalSection(SolutionConfigurationPlatforms) = preSolution
		Debug|Any CPU = Debug|Any CPU
		Release|Any CPU = Release|Any CPU
	EndGlobalSection
	GlobalSection(ProjectConfigurationPlatforms) = postSolution
		{DE3D3C42-BF9C-4EAB-ADBE-12F21E385174}.Debug|Any CPU.ActiveCfg = Debug|Any CPU
		{DE3D3C42-BF9C-4EAB-ADBE-12F21E385174}.Debug|Any CPU.Build.0 = Debug|Any CPU
		{DE3D3C42-BF9C-4EAB-ADBE-12F21E385174}.Release|Any CPU.ActiveCfg = Release|Any CPU
		{DE3D3C42-BF9C-4EAB-ADBE-12F21E385174}.Release|Any CPU.Build.0 = Release|Any CPU
		{952048DA-2793-4FD2-AD43-E33A631275AF}.Debug|Any CPU.ActiveCfg = Debug|Any CPU
		{952048DA-2793-4FD2-AD43-E33A631275AF}.Debug|Any CPU.Build.0 = Debug|Any CPU
		{952048DA-2793-4FD2-AD43-E33A631275AF}.Release|Any CPU.ActiveCfg = Release|Any CPU
		{952048DA-2793-4FD2-AD43-E33A631275AF}.Release|Any CPU.Build.0 = Release|Any CPU
	EndGlobalSection
	GlobalSection(SolutionProperties) = preSolution
		HideSolutionNode = FALSE
	EndGlobalSection
	GlobalSection(ExtensibilityGlobals) = postSolution
		SolutionGuid = {FE3678FF-6042-4BBB-B2D2-C541EB8F9FBF}
	EndGlobalSection
EndGlobal
