
Microsoft Visual Studio Solution File, Format Version 12.00
# Visual Studio 15
VisualStudioVersion = 15.0.27130.2010
MinimumVisualStudioVersion = 10.0.40219.1
Project("{FAE04EC0-301F-11D3-BF4B-00C04F79EFBC}") = "NeplanWebservices3", "NeplanWebservices3\NeplanWebservices3.csproj", "{494083C6-CA06-4004-8550-46C3961A4717}"
EndProject
Project("{FAE04EC0-301F-11D3-BF4B-00C04F79EFBC}") = "ConsoleApp", "ConsoleApp\ConsoleApp.csproj", "{6C6A714B-267C-4179-8996-A973227BD533}"
EndProject
Project("{FAE04EC0-301F-11D3-BF4B-00C04F79EFBC}") = "ClassLibrary1", "ClassLibrary1\ClassLibrary1.csproj", "{8C70F6D5-AEE9-486D-A602-3AB7F2F87DDA}"
EndProject
Global
	GlobalSection(SolutionConfigurationPlatforms) = preSolution
		Debug|Any CPU = Debug|Any CPU
		Release|Any CPU = Release|Any CPU
	EndGlobalSection
	GlobalSection(ProjectConfigurationPlatforms) = postSolution
		{494083C6-CA06-4004-8550-46C3961A4717}.Debug|Any CPU.ActiveCfg = Debug|Any CPU
		{494083C6-CA06-4004-8550-46C3961A4717}.Debug|Any CPU.Build.0 = Debug|Any CPU
		{494083C6-CA06-4004-8550-46C3961A4717}.Release|Any CPU.ActiveCfg = Release|Any CPU
		{494083C6-CA06-4004-8550-46C3961A4717}.Release|Any CPU.Build.0 = Release|Any CPU
		{6C6A714B-267C-4179-8996-A973227BD533}.Debug|Any CPU.ActiveCfg = Debug|Any CPU
		{6C6A714B-267C-4179-8996-A973227BD533}.Debug|Any CPU.Build.0 = Debug|Any CPU
		{6C6A714B-267C-4179-8996-A973227BD533}.Release|Any CPU.ActiveCfg = Release|Any CPU
		{6C6A714B-267C-4179-8996-A973227BD533}.Release|Any CPU.Build.0 = Release|Any CPU
		{8C70F6D5-AEE9-486D-A602-3AB7F2F87DDA}.Debug|Any CPU.ActiveCfg = Debug|Any CPU
		{8C70F6D5-AEE9-486D-A602-3AB7F2F87DDA}.Debug|Any CPU.Build.0 = Debug|Any CPU
		{8C70F6D5-AEE9-486D-A602-3AB7F2F87DDA}.Release|Any CPU.ActiveCfg = Release|Any CPU
		{8C70F6D5-AEE9-486D-A602-3AB7F2F87DDA}.Release|Any CPU.Build.0 = Release|Any CPU
	EndGlobalSection
	GlobalSection(SolutionProperties) = preSolution
		HideSolutionNode = FALSE
	EndGlobalSection
	GlobalSection(ExtensibilityGlobals) = postSolution
		SolutionGuid = {4AE48321-6EBE-4EBE-AA2F-93F75038B24B}
	EndGlobalSection
EndGlobal
