
Microsoft Visual Studio Solution File, Format Version 12.00
# Visual Studio 15
VisualStudioVersion = 15.0.27130.2010
MinimumVisualStudioVersion = 10.0.40219.1
Project("{FAE04EC0-301F-11D3-BF4B-00C04F79EFBC}") = "NeplanWebservices4", "NeplanWebservices4\NeplanWebservices4.csproj", "{45BE31D5-6923-4904-8597-206C1D19C595}"
EndProject
Project("{FAE04EC0-301F-11D3-BF4B-00C04F79EFBC}") = "ConsoleApp", "ConsoleApp\ConsoleApp.csproj", "{FE2A57DD-90D6-4E95-A777-4AAEF5A4F750}"
EndProject
Global
	GlobalSection(SolutionConfigurationPlatforms) = preSolution
		Debug|Any CPU = Debug|Any CPU
		Release|Any CPU = Release|Any CPU
	EndGlobalSection
	GlobalSection(ProjectConfigurationPlatforms) = postSolution
		{45BE31D5-6923-4904-8597-206C1D19C595}.Debug|Any CPU.ActiveCfg = Debug|Any CPU
		{45BE31D5-6923-4904-8597-206C1D19C595}.Debug|Any CPU.Build.0 = Debug|Any CPU
		{45BE31D5-6923-4904-8597-206C1D19C595}.Release|Any CPU.ActiveCfg = Release|Any CPU
		{45BE31D5-6923-4904-8597-206C1D19C595}.Release|Any CPU.Build.0 = Release|Any CPU
		{FE2A57DD-90D6-4E95-A777-4AAEF5A4F750}.Debug|Any CPU.ActiveCfg = Debug|Any CPU
		{FE2A57DD-90D6-4E95-A777-4AAEF5A4F750}.Debug|Any CPU.Build.0 = Debug|Any CPU
		{FE2A57DD-90D6-4E95-A777-4AAEF5A4F750}.Release|Any CPU.ActiveCfg = Release|Any CPU
		{FE2A57DD-90D6-4E95-A777-4AAEF5A4F750}.Release|Any CPU.Build.0 = Release|Any CPU
	EndGlobalSection
	GlobalSection(SolutionProperties) = preSolution
		HideSolutionNode = FALSE
	EndGlobalSection
	GlobalSection(ExtensibilityGlobals) = postSolution
		SolutionGuid = {831D3857-D05F-4070-BF5D-30F0ECBC0CA1}
	EndGlobalSection
EndGlobal
